
Microsoft Visual Studio Solution File, Format Version 12.00
# Visual Studio Version 16
VisualStudioVersion = 16.0.29613.14
MinimumVisualStudioVersion = 10.0.40219.1
Project("{FAE04EC0-301F-11D3-BF4B-00C04F79EFBC}") = "CodingTest2", "CodingTest2\CodingTest2.csproj", "{9541DD8A-E332-4838-9CA1-EB34A58D6291}"
EndProject
Global
	GlobalSection(SolutionConfigurationPlatforms) = preSolution
		Debug|Any CPU = Debug|Any CPU
		Release|Any CPU = Release|Any CPU
	EndGlobalSection
	GlobalSection(ProjectConfigurationPlatforms) = postSolution
		{9541DD8A-E332-4838-9CA1-EB34A58D6291}.Debug|Any CPU.ActiveCfg = Debug|Any CPU
		{9541DD8A-E332-4838-9CA1-EB34A58D6291}.Debug|Any CPU.Build.0 = Debug|Any CPU
		{9541DD8A-E332-4838-9CA1-EB34A58D6291}.Release|Any CPU.ActiveCfg = Release|Any CPU
		{9541DD8A-E332-4838-9CA1-EB34A58D6291}.Release|Any CPU.Build.0 = Release|Any CPU
	EndGlobalSection
	GlobalSection(SolutionProperties) = preSolution
		HideSolutionNode = FALSE
	EndGlobalSection
	GlobalSection(ExtensibilityGlobals) = postSolution
		SolutionGuid = {181D05FD-44CE-4DC5-A062-F825C897D672}
	EndGlobalSection
EndGlobal
